
Microsoft Visual Studio Solution File, Format Version 12.00
# Visual Studio Version 17
VisualStudioVersion = 17.4.33205.214
MinimumVisualStudioVersion = 10.0.40219.1
Project("{9A19103F-16F7-4668-BE54-9A1E7A4F7556}") = "WritingFunctions", "source\Chapter04\WritingFunctions\WritingFunctions.csproj", "{183FFFA1-E7EA-4BA9-8882-C9F62908C9A5}"
EndProject
Project("{FAE04EC0-301F-11D3-BF4B-00C04F79EFBC}") = "Instrumenting", "source\Chapter04\Instrumenting\Instrumenting.csproj", "{CE612588-4925-46F9-9CF3-615E034EB924}"
EndProject
Project("{2150E333-8FDC-42A3-9474-1A3956D46DE8}") = "Chapter04", "Chapter04", "{B7D14C22-F4C0-4D1F-B741-6ADB4D3D8332}"
EndProject
Project("{FAE04EC0-301F-11D3-BF4B-00C04F79EFBC}") = "CalculatorLib", "source\Chapter04\CalculatorLib\CalculatorLib.csproj", "{D9686489-821A-40A2-84C3-C30BFF56D17A}"
EndProject
Project("{FAE04EC0-301F-11D3-BF4B-00C04F79EFBC}") = "CalculatorLibUnitTests", "source\Chapter04\CalculatorLibUnitTests\CalculatorLibUnitTests.csproj", "{E0828C33-8CC6-4824-8EF8-E89835C99C21}"
EndProject
Global
	GlobalSection(SolutionConfigurationPlatforms) = preSolution
		Debug|Any CPU = Debug|Any CPU
		Release|Any CPU = Release|Any CPU
	EndGlobalSection
	GlobalSection(ProjectConfigurationPlatforms) = postSolution
		{183FFFA1-E7EA-4BA9-8882-C9F62908C9A5}.Debug|Any CPU.ActiveCfg = Debug|Any CPU
		{183FFFA1-E7EA-4BA9-8882-C9F62908C9A5}.Debug|Any CPU.Build.0 = Debug|Any CPU
		{183FFFA1-E7EA-4BA9-8882-C9F62908C9A5}.Release|Any CPU.ActiveCfg = Release|Any CPU
		{183FFFA1-E7EA-4BA9-8882-C9F62908C9A5}.Release|Any CPU.Build.0 = Release|Any CPU
		{CE612588-4925-46F9-9CF3-615E034EB924}.Debug|Any CPU.ActiveCfg = Debug|Any CPU
		{CE612588-4925-46F9-9CF3-615E034EB924}.Debug|Any CPU.Build.0 = Debug|Any CPU
		{CE612588-4925-46F9-9CF3-615E034EB924}.Release|Any CPU.ActiveCfg = Release|Any CPU
		{CE612588-4925-46F9-9CF3-615E034EB924}.Release|Any CPU.Build.0 = Release|Any CPU
		{D9686489-821A-40A2-84C3-C30BFF56D17A}.Debug|Any CPU.ActiveCfg = Debug|Any CPU
		{D9686489-821A-40A2-84C3-C30BFF56D17A}.Debug|Any CPU.Build.0 = Debug|Any CPU
		{D9686489-821A-40A2-84C3-C30BFF56D17A}.Release|Any CPU.ActiveCfg = Release|Any CPU
		{D9686489-821A-40A2-84C3-C30BFF56D17A}.Release|Any CPU.Build.0 = Release|Any CPU
		{E0828C33-8CC6-4824-8EF8-E89835C99C21}.Debug|Any CPU.ActiveCfg = Debug|Any CPU
		{E0828C33-8CC6-4824-8EF8-E89835C99C21}.Debug|Any CPU.Build.0 = Debug|Any CPU
		{E0828C33-8CC6-4824-8EF8-E89835C99C21}.Release|Any CPU.ActiveCfg = Release|Any CPU
		{E0828C33-8CC6-4824-8EF8-E89835C99C21}.Release|Any CPU.Build.0 = Release|Any CPU
	EndGlobalSection
	GlobalSection(SolutionProperties) = preSolution
		HideSolutionNode = FALSE
	EndGlobalSection
	GlobalSection(ExtensibilityGlobals) = postSolution
		SolutionGuid = {D4CE8306-EB58-46E7-B70F-B290BC23BED4}
	EndGlobalSection
	GlobalSection(NestedProjects) = preSolution
		{CE612588-4925-46F9-9CF3-615E034EB924} = {B7D14C22-F4C0-4D1F-B741-6ADB4D3D8332}
		{183FFFA1-E7EA-4BA9-8882-C9F62908C9A5} = {B7D14C22-F4C0-4D1F-B741-6ADB4D3D8332}
		{D9686489-821A-40A2-84C3-C30BFF56D17A} = {B7D14C22-F4C0-4D1F-B741-6ADB4D3D8332}
		{E0828C33-8CC6-4824-8EF8-E89835C99C21} = {B7D14C22-F4C0-4D1F-B741-6ADB4D3D8332}
	EndGlobalSection
EndGlobal
