
Microsoft Visual Studio Solution File, Format Version 12.00
# Visual Studio Version 17
VisualStudioVersion = 17.4.33205.214
MinimumVisualStudioVersion = 10.0.40219.1
Project("{9A19103F-16F7-4668-BE54-9A1E7A4F7556}") = "WritingFunctions", "source\Chapter04\WritingFunctions\WritingFunctions.csproj", "{183FFFA1-E7EA-4BA9-8882-C9F62908C9A5}"
EndProject
Project("{9A19103F-16F7-4668-BE54-9A1E7A4F7556}") = "Instrumenting", "source\Chapter04\Instrumenting\Instrumenting.csproj", "{CE612588-4925-46F9-9CF3-615E034EB924}"
EndProject
Project("{2150E333-8FDC-42A3-9474-1A3956D46DE8}") = "Chapter04", "Chapter04", "{B7D14C22-F4C0-4D1F-B741-6ADB4D3D8332}"
EndProject
Project("{9A19103F-16F7-4668-BE54-9A1E7A4F7556}") = "CalculatorLib", "source\Chapter04\CalculatorLib\CalculatorLib.csproj", "{D9686489-821A-40A2-84C3-C30BFF56D17A}"
EndProject
Project("{9A19103F-16F7-4668-BE54-9A1E7A4F7556}") = "CalculatorLibUnitTests", "source\Chapter04\CalculatorLibUnitTests\CalculatorLibUnitTests.csproj", "{E0828C33-8CC6-4824-8EF8-E89835C99C21}"
EndProject
Project("{9A19103F-16F7-4668-BE54-9A1E7A4F7556}") = "CallStackExceptionHandlingLib", "source\Chapter04\CallStackExceptionHandlingLib\CallStackExceptionHandlingLib.csproj", "{9632DC61-7964-4775-BD8A-76A14D335B47}"
EndProject
Project("{9A19103F-16F7-4668-BE54-9A1E7A4F7556}") = "CallStackExceptionHandling", "source\Chapter04\CallStackExceptionHandling\CallStackExceptionHandling.csproj", "{30BF3C56-E65E-431F-A737-AE05E4CDCE2D}"
EndProject
Project("{2150E333-8FDC-42A3-9474-1A3956D46DE8}") = "Chapter05", "Chapter05", "{C84B9B5A-2A88-4EA6-A50B-888EDD184119}"
EndProject
Project("{9A19103F-16F7-4668-BE54-9A1E7A4F7556}") = "PacktLibraryNetStandard2", "source\Chapter05\PacktLibraryNetStandard2\PacktLibraryNetStandard2.csproj", "{9740E04D-EA2E-4B8F-B9E3-9CC0093A64AC}"
EndProject
Project("{9A19103F-16F7-4668-BE54-9A1E7A4F7556}") = "PeopleApp", "source\Chapter05\PeopleApp\PeopleApp.csproj", "{F789C95C-3FFA-4AFA-86E1-0EE209F2C74A}"
EndProject
Project("{9A19103F-16F7-4668-BE54-9A1E7A4F7556}") = "PacktLibraryModern", "source\Chapter05\PacktLibraryModern\PacktLibraryModern.csproj", "{6EDBE610-3ED7-4CE5-94C7-7A40E25BD8F5}"
EndProject
Project("{2150E333-8FDC-42A3-9474-1A3956D46DE8}") = "Chapter06", "Chapter06", "{2EFF8E60-5B8F-4DF5-9C38-3A0EA058B880}"
EndProject
Project("{9A19103F-16F7-4668-BE54-9A1E7A4F7556}") = "PacktLibrary", "source\Chapter06\PacktLibrary\PacktLibrary.csproj", "{B3AFC91C-69EF-4BAC-9EF4-F602AB6F282F}"
EndProject
Project("{9A19103F-16F7-4668-BE54-9A1E7A4F7556}") = "PeopleApp", "source\Chapter06\PeopleApp\PeopleApp.csproj", "{331DBD55-3C46-44B1-B79C-4E4AE4FD7D98}"
EndProject
Project("{9A19103F-16F7-4668-BE54-9A1E7A4F7556}") = "NullHandling", "source\Chapter06\NullHandling\NullHandling.csproj", "{B52F0B7B-C4C4-4CDD-9E6C-A9D6E2C30DE6}"
EndProject
Project("{9A19103F-16F7-4668-BE54-9A1E7A4F7556}") = "WarningsAsErrors", "source\Chapter06\WarningsAsErrors\WarningsAsErrors.csproj", "{8141E840-25A7-4700-95C2-7DD330C6F92D}"
EndProject
Project("{9A19103F-16F7-4668-BE54-9A1E7A4F7556}") = "CodeAnalyzing", "source\Chapter06\CodeAnalyzing\CodeAnalyzing.csproj", "{E7D99D20-9744-4F2A-9621-69CA9E68CF35}"
EndProject
Project("{9A19103F-16F7-4668-BE54-9A1E7A4F7556}") = "Documentation", "doc\Documentation\Documentation.csproj", "{D7E69823-A862-4041-8BAD-199842EEF6F7}"
EndProject
Project("{9A19103F-16F7-4668-BE54-9A1E7A4F7556}") = "Ch06Ex02Inheritance", "source\Chapter06\Ch06Ex02Inheritance\Ch06Ex02Inheritance.csproj", "{4900769E-3B84-4312-BD4F-E12A5F16BBB9}"
EndProject
Project("{2150E333-8FDC-42A3-9474-1A3956D46DE8}") = "Chapter07", "Chapter07", "{42CD4CF9-E006-4B03-86B4-AF2656FF7BFB}"
EndProject
Project("{9A19103F-16F7-4668-BE54-9A1E7A4F7556}") = "AssembliesAndNamespaces", "source\Chapter07\AssembliesAndNamespaces\AssembliesAndNamespaces.csproj", "{5D615796-79F1-4E8B-9A27-84DE8AD47402}"
EndProject
Project("{9A19103F-16F7-4668-BE54-9A1E7A4F7556}") = "SharedLibrary", "source\Chapter07\SharedLibrary\SharedLibrary.csproj", "{59B0C245-49EC-4C30-81E5-B8E448C38036}"
EndProject
Project("{9A19103F-16F7-4668-BE54-9A1E7A4F7556}") = "DotNetEverywhere", "source\Chapter07\DotNetEverywhere\DotNetEverywhere.csproj", "{E4468E2C-52E3-4DFA-A9D5-8F5FE106E0AD}"
EndProject
Project("{2150E333-8FDC-42A3-9474-1A3956D46DE8}") = "Chapter08", "Chapter08", "{2DBB03B1-6E67-4BD6-9DEE-8D369641793D}"
EndProject
Project("{9A19103F-16F7-4668-BE54-9A1E7A4F7556}") = "WorkingWithNumbers", "source\Chapter08\WorkingWithNumbers\WorkingWithNumbers.csproj", "{1AB58251-E023-4CEA-B5A9-4CF9B33E86D4}"
EndProject
Project("{9A19103F-16F7-4668-BE54-9A1E7A4F7556}") = "WorkingWithText", "source\Chapter08\WorkingWithText\WorkingWithText.csproj", "{84E95624-D347-4272-B2E7-EB88BD50E621}"
EndProject
Project("{9A19103F-16F7-4668-BE54-9A1E7A4F7556}") = "WorkingWithRegularExpressions", "source\Chapter08\WorkingWithRegularExpressions\WorkingWithRegularExpressions.csproj", "{599DC1F5-E41E-4C0C-9871-2A4E47C29BD4}"
EndProject
Project("{FAE04EC0-301F-11D3-BF4B-00C04F79EFBC}") = "WorkingWithCollections", "source\Chapter08\WorkingWithCollections\WorkingWithCollections.csproj", "{D8CE9E29-F1FF-4AFB-959E-4243111C0AEB}"
EndProject
Project("{FAE04EC0-301F-11D3-BF4B-00C04F79EFBC}") = "WorkingWithRanges", "source\Chapter08\WorkingWithRanges\WorkingWithRanges.csproj", "{BE872CEF-AE2B-45C3-9431-279CCA44645A}"
EndProject
Project("{FAE04EC0-301F-11D3-BF4B-00C04F79EFBC}") = "WorkingWithNetworkResources", "source\Chapter08\WorkingWithNetworkResources\WorkingWithNetworkResources.csproj", "{C2013E72-9ABF-46C0-8A27-21AAC72E4DC2}"
EndProject
Project("{2150E333-8FDC-42A3-9474-1A3956D46DE8}") = "Chapter09", "Chapter09", "{A3147F64-A805-474B-8A21-A5E172BD9C08}"
EndProject
Project("{FAE04EC0-301F-11D3-BF4B-00C04F79EFBC}") = "WorkingWithFileSystems", "source\Chapter09\WorkingWithFileSystems\WorkingWithFileSystems.csproj", "{566F3305-CD0E-4FD0-B5B9-C5FEE723CF31}"
EndProject
Project("{FAE04EC0-301F-11D3-BF4B-00C04F79EFBC}") = "WorkingWithStreams", "source\Chapter09\WorkingWithStreams\WorkingWithStreams.csproj", "{10C5DE4A-1D8F-4AF4-A246-5499D4E94419}"
EndProject
Project("{FAE04EC0-301F-11D3-BF4B-00C04F79EFBC}") = "WorkingWithTarArchives", "source\Chapter09\WorkingWithTarArchives\WorkingWithTarArchives.csproj", "{C8E52B40-3319-48E5-B72F-B52FDD5226CE}"
EndProject
Project("{FAE04EC0-301F-11D3-BF4B-00C04F79EFBC}") = "WorkingWithEncodings", "source\Chapter09\WorkingWithEncodings\WorkingWithEncodings.csproj", "{549EF6EE-5D82-4C47-9FBB-492B2E214CA1}"
EndProject
Project("{FAE04EC0-301F-11D3-BF4B-00C04F79EFBC}") = "WorkingWithSerialization", "source\Chapter09\WorkingWithSerialization\WorkingWithSerialization.csproj", "{A2C2D6E0-86F0-4A03-9693-28946BC0A53A}"
EndProject
Global
	GlobalSection(SolutionConfigurationPlatforms) = preSolution
		Debug|Any CPU = Debug|Any CPU
		Release|Any CPU = Release|Any CPU
	EndGlobalSection
	GlobalSection(ProjectConfigurationPlatforms) = postSolution
		{183FFFA1-E7EA-4BA9-8882-C9F62908C9A5}.Debug|Any CPU.ActiveCfg = Debug|Any CPU
		{183FFFA1-E7EA-4BA9-8882-C9F62908C9A5}.Debug|Any CPU.Build.0 = Debug|Any CPU
		{183FFFA1-E7EA-4BA9-8882-C9F62908C9A5}.Release|Any CPU.ActiveCfg = Release|Any CPU
		{183FFFA1-E7EA-4BA9-8882-C9F62908C9A5}.Release|Any CPU.Build.0 = Release|Any CPU
		{CE612588-4925-46F9-9CF3-615E034EB924}.Debug|Any CPU.ActiveCfg = Debug|Any CPU
		{CE612588-4925-46F9-9CF3-615E034EB924}.Debug|Any CPU.Build.0 = Debug|Any CPU
		{CE612588-4925-46F9-9CF3-615E034EB924}.Release|Any CPU.ActiveCfg = Release|Any CPU
		{CE612588-4925-46F9-9CF3-615E034EB924}.Release|Any CPU.Build.0 = Release|Any CPU
		{D9686489-821A-40A2-84C3-C30BFF56D17A}.Debug|Any CPU.ActiveCfg = Debug|Any CPU
		{D9686489-821A-40A2-84C3-C30BFF56D17A}.Debug|Any CPU.Build.0 = Debug|Any CPU
		{D9686489-821A-40A2-84C3-C30BFF56D17A}.Release|Any CPU.ActiveCfg = Release|Any CPU
		{D9686489-821A-40A2-84C3-C30BFF56D17A}.Release|Any CPU.Build.0 = Release|Any CPU
		{E0828C33-8CC6-4824-8EF8-E89835C99C21}.Debug|Any CPU.ActiveCfg = Debug|Any CPU
		{E0828C33-8CC6-4824-8EF8-E89835C99C21}.Debug|Any CPU.Build.0 = Debug|Any CPU
		{E0828C33-8CC6-4824-8EF8-E89835C99C21}.Release|Any CPU.ActiveCfg = Release|Any CPU
		{E0828C33-8CC6-4824-8EF8-E89835C99C21}.Release|Any CPU.Build.0 = Release|Any CPU
		{9632DC61-7964-4775-BD8A-76A14D335B47}.Debug|Any CPU.ActiveCfg = Debug|Any CPU
		{9632DC61-7964-4775-BD8A-76A14D335B47}.Debug|Any CPU.Build.0 = Debug|Any CPU
		{9632DC61-7964-4775-BD8A-76A14D335B47}.Release|Any CPU.ActiveCfg = Release|Any CPU
		{9632DC61-7964-4775-BD8A-76A14D335B47}.Release|Any CPU.Build.0 = Release|Any CPU
		{30BF3C56-E65E-431F-A737-AE05E4CDCE2D}.Debug|Any CPU.ActiveCfg = Debug|Any CPU
		{30BF3C56-E65E-431F-A737-AE05E4CDCE2D}.Debug|Any CPU.Build.0 = Debug|Any CPU
		{30BF3C56-E65E-431F-A737-AE05E4CDCE2D}.Release|Any CPU.ActiveCfg = Release|Any CPU
		{30BF3C56-E65E-431F-A737-AE05E4CDCE2D}.Release|Any CPU.Build.0 = Release|Any CPU
		{9740E04D-EA2E-4B8F-B9E3-9CC0093A64AC}.Debug|Any CPU.ActiveCfg = Debug|Any CPU
		{9740E04D-EA2E-4B8F-B9E3-9CC0093A64AC}.Debug|Any CPU.Build.0 = Debug|Any CPU
		{9740E04D-EA2E-4B8F-B9E3-9CC0093A64AC}.Release|Any CPU.ActiveCfg = Release|Any CPU
		{9740E04D-EA2E-4B8F-B9E3-9CC0093A64AC}.Release|Any CPU.Build.0 = Release|Any CPU
		{F789C95C-3FFA-4AFA-86E1-0EE209F2C74A}.Debug|Any CPU.ActiveCfg = Debug|Any CPU
		{F789C95C-3FFA-4AFA-86E1-0EE209F2C74A}.Debug|Any CPU.Build.0 = Debug|Any CPU
		{F789C95C-3FFA-4AFA-86E1-0EE209F2C74A}.Release|Any CPU.ActiveCfg = Release|Any CPU
		{F789C95C-3FFA-4AFA-86E1-0EE209F2C74A}.Release|Any CPU.Build.0 = Release|Any CPU
		{6EDBE610-3ED7-4CE5-94C7-7A40E25BD8F5}.Debug|Any CPU.ActiveCfg = Debug|Any CPU
		{6EDBE610-3ED7-4CE5-94C7-7A40E25BD8F5}.Debug|Any CPU.Build.0 = Debug|Any CPU
		{6EDBE610-3ED7-4CE5-94C7-7A40E25BD8F5}.Release|Any CPU.ActiveCfg = Release|Any CPU
		{6EDBE610-3ED7-4CE5-94C7-7A40E25BD8F5}.Release|Any CPU.Build.0 = Release|Any CPU
		{B3AFC91C-69EF-4BAC-9EF4-F602AB6F282F}.Debug|Any CPU.ActiveCfg = Debug|Any CPU
		{B3AFC91C-69EF-4BAC-9EF4-F602AB6F282F}.Debug|Any CPU.Build.0 = Debug|Any CPU
		{B3AFC91C-69EF-4BAC-9EF4-F602AB6F282F}.Release|Any CPU.ActiveCfg = Release|Any CPU
		{B3AFC91C-69EF-4BAC-9EF4-F602AB6F282F}.Release|Any CPU.Build.0 = Release|Any CPU
		{331DBD55-3C46-44B1-B79C-4E4AE4FD7D98}.Debug|Any CPU.ActiveCfg = Debug|Any CPU
		{331DBD55-3C46-44B1-B79C-4E4AE4FD7D98}.Debug|Any CPU.Build.0 = Debug|Any CPU
		{331DBD55-3C46-44B1-B79C-4E4AE4FD7D98}.Release|Any CPU.ActiveCfg = Release|Any CPU
		{331DBD55-3C46-44B1-B79C-4E4AE4FD7D98}.Release|Any CPU.Build.0 = Release|Any CPU
		{B52F0B7B-C4C4-4CDD-9E6C-A9D6E2C30DE6}.Debug|Any CPU.ActiveCfg = Debug|Any CPU
		{B52F0B7B-C4C4-4CDD-9E6C-A9D6E2C30DE6}.Debug|Any CPU.Build.0 = Debug|Any CPU
		{B52F0B7B-C4C4-4CDD-9E6C-A9D6E2C30DE6}.Release|Any CPU.ActiveCfg = Release|Any CPU
		{B52F0B7B-C4C4-4CDD-9E6C-A9D6E2C30DE6}.Release|Any CPU.Build.0 = Release|Any CPU
		{8141E840-25A7-4700-95C2-7DD330C6F92D}.Debug|Any CPU.ActiveCfg = Debug|Any CPU
		{8141E840-25A7-4700-95C2-7DD330C6F92D}.Debug|Any CPU.Build.0 = Debug|Any CPU
		{8141E840-25A7-4700-95C2-7DD330C6F92D}.Release|Any CPU.ActiveCfg = Release|Any CPU
		{8141E840-25A7-4700-95C2-7DD330C6F92D}.Release|Any CPU.Build.0 = Release|Any CPU
		{E7D99D20-9744-4F2A-9621-69CA9E68CF35}.Debug|Any CPU.ActiveCfg = Debug|Any CPU
		{E7D99D20-9744-4F2A-9621-69CA9E68CF35}.Debug|Any CPU.Build.0 = Debug|Any CPU
		{E7D99D20-9744-4F2A-9621-69CA9E68CF35}.Release|Any CPU.ActiveCfg = Release|Any CPU
		{E7D99D20-9744-4F2A-9621-69CA9E68CF35}.Release|Any CPU.Build.0 = Release|Any CPU
		{D7E69823-A862-4041-8BAD-199842EEF6F7}.Debug|Any CPU.ActiveCfg = Debug|Any CPU
		{D7E69823-A862-4041-8BAD-199842EEF6F7}.Debug|Any CPU.Build.0 = Debug|Any CPU
		{D7E69823-A862-4041-8BAD-199842EEF6F7}.Release|Any CPU.ActiveCfg = Release|Any CPU
		{D7E69823-A862-4041-8BAD-199842EEF6F7}.Release|Any CPU.Build.0 = Release|Any CPU
		{4900769E-3B84-4312-BD4F-E12A5F16BBB9}.Debug|Any CPU.ActiveCfg = Debug|Any CPU
		{4900769E-3B84-4312-BD4F-E12A5F16BBB9}.Debug|Any CPU.Build.0 = Debug|Any CPU
		{4900769E-3B84-4312-BD4F-E12A5F16BBB9}.Release|Any CPU.ActiveCfg = Release|Any CPU
		{4900769E-3B84-4312-BD4F-E12A5F16BBB9}.Release|Any CPU.Build.0 = Release|Any CPU
		{5D615796-79F1-4E8B-9A27-84DE8AD47402}.Debug|Any CPU.ActiveCfg = Debug|Any CPU
		{5D615796-79F1-4E8B-9A27-84DE8AD47402}.Debug|Any CPU.Build.0 = Debug|Any CPU
		{5D615796-79F1-4E8B-9A27-84DE8AD47402}.Release|Any CPU.ActiveCfg = Release|Any CPU
		{5D615796-79F1-4E8B-9A27-84DE8AD47402}.Release|Any CPU.Build.0 = Release|Any CPU
		{59B0C245-49EC-4C30-81E5-B8E448C38036}.Debug|Any CPU.ActiveCfg = Debug|Any CPU
		{59B0C245-49EC-4C30-81E5-B8E448C38036}.Debug|Any CPU.Build.0 = Debug|Any CPU
		{59B0C245-49EC-4C30-81E5-B8E448C38036}.Release|Any CPU.ActiveCfg = Release|Any CPU
		{59B0C245-49EC-4C30-81E5-B8E448C38036}.Release|Any CPU.Build.0 = Release|Any CPU
		{E4468E2C-52E3-4DFA-A9D5-8F5FE106E0AD}.Debug|Any CPU.ActiveCfg = Debug|Any CPU
		{E4468E2C-52E3-4DFA-A9D5-8F5FE106E0AD}.Debug|Any CPU.Build.0 = Debug|Any CPU
		{E4468E2C-52E3-4DFA-A9D5-8F5FE106E0AD}.Release|Any CPU.ActiveCfg = Release|Any CPU
		{E4468E2C-52E3-4DFA-A9D5-8F5FE106E0AD}.Release|Any CPU.Build.0 = Release|Any CPU
		{1AB58251-E023-4CEA-B5A9-4CF9B33E86D4}.Debug|Any CPU.ActiveCfg = Debug|Any CPU
		{1AB58251-E023-4CEA-B5A9-4CF9B33E86D4}.Debug|Any CPU.Build.0 = Debug|Any CPU
		{1AB58251-E023-4CEA-B5A9-4CF9B33E86D4}.Release|Any CPU.ActiveCfg = Release|Any CPU
		{1AB58251-E023-4CEA-B5A9-4CF9B33E86D4}.Release|Any CPU.Build.0 = Release|Any CPU
		{84E95624-D347-4272-B2E7-EB88BD50E621}.Debug|Any CPU.ActiveCfg = Debug|Any CPU
		{84E95624-D347-4272-B2E7-EB88BD50E621}.Debug|Any CPU.Build.0 = Debug|Any CPU
		{84E95624-D347-4272-B2E7-EB88BD50E621}.Release|Any CPU.ActiveCfg = Release|Any CPU
		{84E95624-D347-4272-B2E7-EB88BD50E621}.Release|Any CPU.Build.0 = Release|Any CPU
		{599DC1F5-E41E-4C0C-9871-2A4E47C29BD4}.Debug|Any CPU.ActiveCfg = Debug|Any CPU
		{599DC1F5-E41E-4C0C-9871-2A4E47C29BD4}.Debug|Any CPU.Build.0 = Debug|Any CPU
		{599DC1F5-E41E-4C0C-9871-2A4E47C29BD4}.Release|Any CPU.ActiveCfg = Release|Any CPU
		{599DC1F5-E41E-4C0C-9871-2A4E47C29BD4}.Release|Any CPU.Build.0 = Release|Any CPU
		{D8CE9E29-F1FF-4AFB-959E-4243111C0AEB}.Debug|Any CPU.ActiveCfg = Debug|Any CPU
		{D8CE9E29-F1FF-4AFB-959E-4243111C0AEB}.Debug|Any CPU.Build.0 = Debug|Any CPU
		{D8CE9E29-F1FF-4AFB-959E-4243111C0AEB}.Release|Any CPU.ActiveCfg = Release|Any CPU
		{D8CE9E29-F1FF-4AFB-959E-4243111C0AEB}.Release|Any CPU.Build.0 = Release|Any CPU
		{BE872CEF-AE2B-45C3-9431-279CCA44645A}.Debug|Any CPU.ActiveCfg = Debug|Any CPU
		{BE872CEF-AE2B-45C3-9431-279CCA44645A}.Debug|Any CPU.Build.0 = Debug|Any CPU
		{BE872CEF-AE2B-45C3-9431-279CCA44645A}.Release|Any CPU.ActiveCfg = Release|Any CPU
		{BE872CEF-AE2B-45C3-9431-279CCA44645A}.Release|Any CPU.Build.0 = Release|Any CPU
		{C2013E72-9ABF-46C0-8A27-21AAC72E4DC2}.Debug|Any CPU.ActiveCfg = Debug|Any CPU
		{C2013E72-9ABF-46C0-8A27-21AAC72E4DC2}.Debug|Any CPU.Build.0 = Debug|Any CPU
		{C2013E72-9ABF-46C0-8A27-21AAC72E4DC2}.Release|Any CPU.ActiveCfg = Release|Any CPU
		{C2013E72-9ABF-46C0-8A27-21AAC72E4DC2}.Release|Any CPU.Build.0 = Release|Any CPU
		{566F3305-CD0E-4FD0-B5B9-C5FEE723CF31}.Debug|Any CPU.ActiveCfg = Debug|Any CPU
		{566F3305-CD0E-4FD0-B5B9-C5FEE723CF31}.Debug|Any CPU.Build.0 = Debug|Any CPU
		{566F3305-CD0E-4FD0-B5B9-C5FEE723CF31}.Release|Any CPU.ActiveCfg = Release|Any CPU
		{566F3305-CD0E-4FD0-B5B9-C5FEE723CF31}.Release|Any CPU.Build.0 = Release|Any CPU
		{10C5DE4A-1D8F-4AF4-A246-5499D4E94419}.Debug|Any CPU.ActiveCfg = Debug|Any CPU
		{10C5DE4A-1D8F-4AF4-A246-5499D4E94419}.Debug|Any CPU.Build.0 = Debug|Any CPU
		{10C5DE4A-1D8F-4AF4-A246-5499D4E94419}.Release|Any CPU.ActiveCfg = Release|Any CPU
		{10C5DE4A-1D8F-4AF4-A246-5499D4E94419}.Release|Any CPU.Build.0 = Release|Any CPU
		{C8E52B40-3319-48E5-B72F-B52FDD5226CE}.Debug|Any CPU.ActiveCfg = Debug|Any CPU
		{C8E52B40-3319-48E5-B72F-B52FDD5226CE}.Debug|Any CPU.Build.0 = Debug|Any CPU
		{C8E52B40-3319-48E5-B72F-B52FDD5226CE}.Release|Any CPU.ActiveCfg = Release|Any CPU
		{C8E52B40-3319-48E5-B72F-B52FDD5226CE}.Release|Any CPU.Build.0 = Release|Any CPU
		{549EF6EE-5D82-4C47-9FBB-492B2E214CA1}.Debug|Any CPU.ActiveCfg = Debug|Any CPU
		{549EF6EE-5D82-4C47-9FBB-492B2E214CA1}.Debug|Any CPU.Build.0 = Debug|Any CPU
		{549EF6EE-5D82-4C47-9FBB-492B2E214CA1}.Release|Any CPU.ActiveCfg = Release|Any CPU
		{549EF6EE-5D82-4C47-9FBB-492B2E214CA1}.Release|Any CPU.Build.0 = Release|Any CPU
		{A2C2D6E0-86F0-4A03-9693-28946BC0A53A}.Debug|Any CPU.ActiveCfg = Debug|Any CPU
		{A2C2D6E0-86F0-4A03-9693-28946BC0A53A}.Debug|Any CPU.Build.0 = Debug|Any CPU
		{A2C2D6E0-86F0-4A03-9693-28946BC0A53A}.Release|Any CPU.ActiveCfg = Release|Any CPU
		{A2C2D6E0-86F0-4A03-9693-28946BC0A53A}.Release|Any CPU.Build.0 = Release|Any CPU
	EndGlobalSection
	GlobalSection(SolutionProperties) = preSolution
		HideSolutionNode = FALSE
	EndGlobalSection
	GlobalSection(NestedProjects) = preSolution
		{183FFFA1-E7EA-4BA9-8882-C9F62908C9A5} = {B7D14C22-F4C0-4D1F-B741-6ADB4D3D8332}
		{CE612588-4925-46F9-9CF3-615E034EB924} = {B7D14C22-F4C0-4D1F-B741-6ADB4D3D8332}
		{D9686489-821A-40A2-84C3-C30BFF56D17A} = {B7D14C22-F4C0-4D1F-B741-6ADB4D3D8332}
		{E0828C33-8CC6-4824-8EF8-E89835C99C21} = {B7D14C22-F4C0-4D1F-B741-6ADB4D3D8332}
		{9632DC61-7964-4775-BD8A-76A14D335B47} = {B7D14C22-F4C0-4D1F-B741-6ADB4D3D8332}
		{30BF3C56-E65E-431F-A737-AE05E4CDCE2D} = {B7D14C22-F4C0-4D1F-B741-6ADB4D3D8332}
		{9740E04D-EA2E-4B8F-B9E3-9CC0093A64AC} = {C84B9B5A-2A88-4EA6-A50B-888EDD184119}
		{F789C95C-3FFA-4AFA-86E1-0EE209F2C74A} = {C84B9B5A-2A88-4EA6-A50B-888EDD184119}
		{6EDBE610-3ED7-4CE5-94C7-7A40E25BD8F5} = {C84B9B5A-2A88-4EA6-A50B-888EDD184119}
		{B3AFC91C-69EF-4BAC-9EF4-F602AB6F282F} = {2EFF8E60-5B8F-4DF5-9C38-3A0EA058B880}
		{331DBD55-3C46-44B1-B79C-4E4AE4FD7D98} = {2EFF8E60-5B8F-4DF5-9C38-3A0EA058B880}
		{B52F0B7B-C4C4-4CDD-9E6C-A9D6E2C30DE6} = {2EFF8E60-5B8F-4DF5-9C38-3A0EA058B880}
		{8141E840-25A7-4700-95C2-7DD330C6F92D} = {2EFF8E60-5B8F-4DF5-9C38-3A0EA058B880}
		{E7D99D20-9744-4F2A-9621-69CA9E68CF35} = {2EFF8E60-5B8F-4DF5-9C38-3A0EA058B880}
		{D7E69823-A862-4041-8BAD-199842EEF6F7} = {2EFF8E60-5B8F-4DF5-9C38-3A0EA058B880}
		{4900769E-3B84-4312-BD4F-E12A5F16BBB9} = {2EFF8E60-5B8F-4DF5-9C38-3A0EA058B880}
		{5D615796-79F1-4E8B-9A27-84DE8AD47402} = {42CD4CF9-E006-4B03-86B4-AF2656FF7BFB}
		{59B0C245-49EC-4C30-81E5-B8E448C38036} = {42CD4CF9-E006-4B03-86B4-AF2656FF7BFB}
		{E4468E2C-52E3-4DFA-A9D5-8F5FE106E0AD} = {42CD4CF9-E006-4B03-86B4-AF2656FF7BFB}
		{1AB58251-E023-4CEA-B5A9-4CF9B33E86D4} = {2DBB03B1-6E67-4BD6-9DEE-8D369641793D}
		{84E95624-D347-4272-B2E7-EB88BD50E621} = {2DBB03B1-6E67-4BD6-9DEE-8D369641793D}
		{599DC1F5-E41E-4C0C-9871-2A4E47C29BD4} = {2DBB03B1-6E67-4BD6-9DEE-8D369641793D}
		{D8CE9E29-F1FF-4AFB-959E-4243111C0AEB} = {2DBB03B1-6E67-4BD6-9DEE-8D369641793D}
		{BE872CEF-AE2B-45C3-9431-279CCA44645A} = {2DBB03B1-6E67-4BD6-9DEE-8D369641793D}
		{C2013E72-9ABF-46C0-8A27-21AAC72E4DC2} = {2DBB03B1-6E67-4BD6-9DEE-8D369641793D}
		{566F3305-CD0E-4FD0-B5B9-C5FEE723CF31} = {A3147F64-A805-474B-8A21-A5E172BD9C08}
		{10C5DE4A-1D8F-4AF4-A246-5499D4E94419} = {A3147F64-A805-474B-8A21-A5E172BD9C08}
		{C8E52B40-3319-48E5-B72F-B52FDD5226CE} = {A3147F64-A805-474B-8A21-A5E172BD9C08}
		{549EF6EE-5D82-4C47-9FBB-492B2E214CA1} = {A3147F64-A805-474B-8A21-A5E172BD9C08}
		{A2C2D6E0-86F0-4A03-9693-28946BC0A53A} = {A3147F64-A805-474B-8A21-A5E172BD9C08}
	EndGlobalSection
	GlobalSection(ExtensibilityGlobals) = postSolution
		SolutionGuid = {D4CE8306-EB58-46E7-B70F-B290BC23BED4}
	EndGlobalSection
EndGlobal
