
Microsoft Visual Studio Solution File, Format Version 12.00
# Visual Studio Version 17
VisualStudioVersion = 17.4.33205.214
MinimumVisualStudioVersion = 10.0.40219.1
Project("{9A19103F-16F7-4668-BE54-9A1E7A4F7556}") = "WritingFunctions", "source\Chapter04\WritingFunctions\WritingFunctions.csproj", "{183FFFA1-E7EA-4BA9-8882-C9F62908C9A5}"
EndProject
Project("{9A19103F-16F7-4668-BE54-9A1E7A4F7556}") = "Instrumenting", "source\Chapter04\Instrumenting\Instrumenting.csproj", "{CE612588-4925-46F9-9CF3-615E034EB924}"
EndProject
Project("{2150E333-8FDC-42A3-9474-1A3956D46DE8}") = "Chapter04", "Chapter04", "{B7D14C22-F4C0-4D1F-B741-6ADB4D3D8332}"
EndProject
Project("{9A19103F-16F7-4668-BE54-9A1E7A4F7556}") = "CalculatorLib", "source\Chapter04\CalculatorLib\CalculatorLib.csproj", "{D9686489-821A-40A2-84C3-C30BFF56D17A}"
EndProject
Project("{9A19103F-16F7-4668-BE54-9A1E7A4F7556}") = "CalculatorLibUnitTests", "source\Chapter04\CalculatorLibUnitTests\CalculatorLibUnitTests.csproj", "{E0828C33-8CC6-4824-8EF8-E89835C99C21}"
EndProject
Project("{9A19103F-16F7-4668-BE54-9A1E7A4F7556}") = "CallStackExceptionHandlingLib", "source\Chapter04\CallStackExceptionHandlingLib\CallStackExceptionHandlingLib.csproj", "{9632DC61-7964-4775-BD8A-76A14D335B47}"
EndProject
Project("{9A19103F-16F7-4668-BE54-9A1E7A4F7556}") = "CallStackExceptionHandling", "source\Chapter04\CallStackExceptionHandling\CallStackExceptionHandling.csproj", "{30BF3C56-E65E-431F-A737-AE05E4CDCE2D}"
EndProject
Project("{2150E333-8FDC-42A3-9474-1A3956D46DE8}") = "Chapter05", "Chapter05", "{C84B9B5A-2A88-4EA6-A50B-888EDD184119}"
EndProject
Project("{9A19103F-16F7-4668-BE54-9A1E7A4F7556}") = "PacktLibraryNetStandard2", "source\Chapter05\PacktLibraryNetStandard2\PacktLibraryNetStandard2.csproj", "{9740E04D-EA2E-4B8F-B9E3-9CC0093A64AC}"
EndProject
Project("{9A19103F-16F7-4668-BE54-9A1E7A4F7556}") = "PeopleApp", "source\Chapter05\PeopleApp\PeopleApp.csproj", "{F789C95C-3FFA-4AFA-86E1-0EE209F2C74A}"
EndProject
Project("{9A19103F-16F7-4668-BE54-9A1E7A4F7556}") = "PacktLibraryModern", "source\Chapter05\PacktLibraryModern\PacktLibraryModern.csproj", "{6EDBE610-3ED7-4CE5-94C7-7A40E25BD8F5}"
EndProject
Project("{2150E333-8FDC-42A3-9474-1A3956D46DE8}") = "Chapter06", "Chapter06", "{2EFF8E60-5B8F-4DF5-9C38-3A0EA058B880}"
EndProject
Project("{9A19103F-16F7-4668-BE54-9A1E7A4F7556}") = "PacktLibrary", "source\Chapter06\PacktLibrary\PacktLibrary.csproj", "{B3AFC91C-69EF-4BAC-9EF4-F602AB6F282F}"
EndProject
Project("{9A19103F-16F7-4668-BE54-9A1E7A4F7556}") = "PeopleApp", "source\Chapter06\PeopleApp\PeopleApp.csproj", "{331DBD55-3C46-44B1-B79C-4E4AE4FD7D98}"
EndProject
Project("{FAE04EC0-301F-11D3-BF4B-00C04F79EFBC}") = "NullHandling", "source\Chapter06\NullHandling\NullHandling.csproj", "{B52F0B7B-C4C4-4CDD-9E6C-A9D6E2C30DE6}"
EndProject
Global
	GlobalSection(SolutionConfigurationPlatforms) = preSolution
		Debug|Any CPU = Debug|Any CPU
		Release|Any CPU = Release|Any CPU
	EndGlobalSection
	GlobalSection(ProjectConfigurationPlatforms) = postSolution
		{183FFFA1-E7EA-4BA9-8882-C9F62908C9A5}.Debug|Any CPU.ActiveCfg = Debug|Any CPU
		{183FFFA1-E7EA-4BA9-8882-C9F62908C9A5}.Debug|Any CPU.Build.0 = Debug|Any CPU
		{183FFFA1-E7EA-4BA9-8882-C9F62908C9A5}.Release|Any CPU.ActiveCfg = Release|Any CPU
		{183FFFA1-E7EA-4BA9-8882-C9F62908C9A5}.Release|Any CPU.Build.0 = Release|Any CPU
		{CE612588-4925-46F9-9CF3-615E034EB924}.Debug|Any CPU.ActiveCfg = Debug|Any CPU
		{CE612588-4925-46F9-9CF3-615E034EB924}.Debug|Any CPU.Build.0 = Debug|Any CPU
		{CE612588-4925-46F9-9CF3-615E034EB924}.Release|Any CPU.ActiveCfg = Release|Any CPU
		{CE612588-4925-46F9-9CF3-615E034EB924}.Release|Any CPU.Build.0 = Release|Any CPU
		{D9686489-821A-40A2-84C3-C30BFF56D17A}.Debug|Any CPU.ActiveCfg = Debug|Any CPU
		{D9686489-821A-40A2-84C3-C30BFF56D17A}.Debug|Any CPU.Build.0 = Debug|Any CPU
		{D9686489-821A-40A2-84C3-C30BFF56D17A}.Release|Any CPU.ActiveCfg = Release|Any CPU
		{D9686489-821A-40A2-84C3-C30BFF56D17A}.Release|Any CPU.Build.0 = Release|Any CPU
		{E0828C33-8CC6-4824-8EF8-E89835C99C21}.Debug|Any CPU.ActiveCfg = Debug|Any CPU
		{E0828C33-8CC6-4824-8EF8-E89835C99C21}.Debug|Any CPU.Build.0 = Debug|Any CPU
		{E0828C33-8CC6-4824-8EF8-E89835C99C21}.Release|Any CPU.ActiveCfg = Release|Any CPU
		{E0828C33-8CC6-4824-8EF8-E89835C99C21}.Release|Any CPU.Build.0 = Release|Any CPU
		{9632DC61-7964-4775-BD8A-76A14D335B47}.Debug|Any CPU.ActiveCfg = Debug|Any CPU
		{9632DC61-7964-4775-BD8A-76A14D335B47}.Debug|Any CPU.Build.0 = Debug|Any CPU
		{9632DC61-7964-4775-BD8A-76A14D335B47}.Release|Any CPU.ActiveCfg = Release|Any CPU
		{9632DC61-7964-4775-BD8A-76A14D335B47}.Release|Any CPU.Build.0 = Release|Any CPU
		{30BF3C56-E65E-431F-A737-AE05E4CDCE2D}.Debug|Any CPU.ActiveCfg = Debug|Any CPU
		{30BF3C56-E65E-431F-A737-AE05E4CDCE2D}.Debug|Any CPU.Build.0 = Debug|Any CPU
		{30BF3C56-E65E-431F-A737-AE05E4CDCE2D}.Release|Any CPU.ActiveCfg = Release|Any CPU
		{30BF3C56-E65E-431F-A737-AE05E4CDCE2D}.Release|Any CPU.Build.0 = Release|Any CPU
		{9740E04D-EA2E-4B8F-B9E3-9CC0093A64AC}.Debug|Any CPU.ActiveCfg = Debug|Any CPU
		{9740E04D-EA2E-4B8F-B9E3-9CC0093A64AC}.Debug|Any CPU.Build.0 = Debug|Any CPU
		{9740E04D-EA2E-4B8F-B9E3-9CC0093A64AC}.Release|Any CPU.ActiveCfg = Release|Any CPU
		{9740E04D-EA2E-4B8F-B9E3-9CC0093A64AC}.Release|Any CPU.Build.0 = Release|Any CPU
		{F789C95C-3FFA-4AFA-86E1-0EE209F2C74A}.Debug|Any CPU.ActiveCfg = Debug|Any CPU
		{F789C95C-3FFA-4AFA-86E1-0EE209F2C74A}.Debug|Any CPU.Build.0 = Debug|Any CPU
		{F789C95C-3FFA-4AFA-86E1-0EE209F2C74A}.Release|Any CPU.ActiveCfg = Release|Any CPU
		{F789C95C-3FFA-4AFA-86E1-0EE209F2C74A}.Release|Any CPU.Build.0 = Release|Any CPU
		{6EDBE610-3ED7-4CE5-94C7-7A40E25BD8F5}.Debug|Any CPU.ActiveCfg = Debug|Any CPU
		{6EDBE610-3ED7-4CE5-94C7-7A40E25BD8F5}.Debug|Any CPU.Build.0 = Debug|Any CPU
		{6EDBE610-3ED7-4CE5-94C7-7A40E25BD8F5}.Release|Any CPU.ActiveCfg = Release|Any CPU
		{6EDBE610-3ED7-4CE5-94C7-7A40E25BD8F5}.Release|Any CPU.Build.0 = Release|Any CPU
		{B3AFC91C-69EF-4BAC-9EF4-F602AB6F282F}.Debug|Any CPU.ActiveCfg = Debug|Any CPU
		{B3AFC91C-69EF-4BAC-9EF4-F602AB6F282F}.Debug|Any CPU.Build.0 = Debug|Any CPU
		{B3AFC91C-69EF-4BAC-9EF4-F602AB6F282F}.Release|Any CPU.ActiveCfg = Release|Any CPU
		{B3AFC91C-69EF-4BAC-9EF4-F602AB6F282F}.Release|Any CPU.Build.0 = Release|Any CPU
		{331DBD55-3C46-44B1-B79C-4E4AE4FD7D98}.Debug|Any CPU.ActiveCfg = Debug|Any CPU
		{331DBD55-3C46-44B1-B79C-4E4AE4FD7D98}.Debug|Any CPU.Build.0 = Debug|Any CPU
		{331DBD55-3C46-44B1-B79C-4E4AE4FD7D98}.Release|Any CPU.ActiveCfg = Release|Any CPU
		{331DBD55-3C46-44B1-B79C-4E4AE4FD7D98}.Release|Any CPU.Build.0 = Release|Any CPU
		{B52F0B7B-C4C4-4CDD-9E6C-A9D6E2C30DE6}.Debug|Any CPU.ActiveCfg = Debug|Any CPU
		{B52F0B7B-C4C4-4CDD-9E6C-A9D6E2C30DE6}.Debug|Any CPU.Build.0 = Debug|Any CPU
		{B52F0B7B-C4C4-4CDD-9E6C-A9D6E2C30DE6}.Release|Any CPU.ActiveCfg = Release|Any CPU
		{B52F0B7B-C4C4-4CDD-9E6C-A9D6E2C30DE6}.Release|Any CPU.Build.0 = Release|Any CPU
	EndGlobalSection
	GlobalSection(SolutionProperties) = preSolution
		HideSolutionNode = FALSE
	EndGlobalSection
	GlobalSection(NestedProjects) = preSolution
		{183FFFA1-E7EA-4BA9-8882-C9F62908C9A5} = {B7D14C22-F4C0-4D1F-B741-6ADB4D3D8332}
		{CE612588-4925-46F9-9CF3-615E034EB924} = {B7D14C22-F4C0-4D1F-B741-6ADB4D3D8332}
		{D9686489-821A-40A2-84C3-C30BFF56D17A} = {B7D14C22-F4C0-4D1F-B741-6ADB4D3D8332}
		{E0828C33-8CC6-4824-8EF8-E89835C99C21} = {B7D14C22-F4C0-4D1F-B741-6ADB4D3D8332}
		{9632DC61-7964-4775-BD8A-76A14D335B47} = {B7D14C22-F4C0-4D1F-B741-6ADB4D3D8332}
		{30BF3C56-E65E-431F-A737-AE05E4CDCE2D} = {B7D14C22-F4C0-4D1F-B741-6ADB4D3D8332}
		{9740E04D-EA2E-4B8F-B9E3-9CC0093A64AC} = {C84B9B5A-2A88-4EA6-A50B-888EDD184119}
		{F789C95C-3FFA-4AFA-86E1-0EE209F2C74A} = {C84B9B5A-2A88-4EA6-A50B-888EDD184119}
		{6EDBE610-3ED7-4CE5-94C7-7A40E25BD8F5} = {C84B9B5A-2A88-4EA6-A50B-888EDD184119}
		{B3AFC91C-69EF-4BAC-9EF4-F602AB6F282F} = {2EFF8E60-5B8F-4DF5-9C38-3A0EA058B880}
		{331DBD55-3C46-44B1-B79C-4E4AE4FD7D98} = {2EFF8E60-5B8F-4DF5-9C38-3A0EA058B880}
		{B52F0B7B-C4C4-4CDD-9E6C-A9D6E2C30DE6} = {2EFF8E60-5B8F-4DF5-9C38-3A0EA058B880}
	EndGlobalSection
	GlobalSection(ExtensibilityGlobals) = postSolution
		SolutionGuid = {D4CE8306-EB58-46E7-B70F-B290BC23BED4}
	EndGlobalSection
EndGlobal
